
Microsoft Visual Studio Solution File, Format Version 12.00
# Visual Studio Version 16
VisualStudioVersion = 16.0.30225.117
MinimumVisualStudioVersion = 10.0.40219.1
Project("{FAE04EC0-301F-11D3-BF4B-00C04F79EFBC}") = "Dictionary", "Dictionary\Dictionary.csproj", "{2B12E2E9-CD78-48E8-AD15-42AB67B12E06}"
EndProject
Global
	GlobalSection(SolutionConfigurationPlatforms) = preSolution
		Debug|Any CPU = Debug|Any CPU
		Release|Any CPU = Release|Any CPU
	EndGlobalSection
	GlobalSection(ProjectConfigurationPlatforms) = postSolution
		{2B12E2E9-CD78-48E8-AD15-42AB67B12E06}.Debug|Any CPU.ActiveCfg = Debug|Any CPU
		{2B12E2E9-CD78-48E8-AD15-42AB67B12E06}.Debug|Any CPU.Build.0 = Debug|Any CPU
		{2B12E2E9-CD78-48E8-AD15-42AB67B12E06}.Release|Any CPU.ActiveCfg = Release|Any CPU
		{2B12E2E9-CD78-48E8-AD15-42AB67B12E06}.Release|Any CPU.Build.0 = Release|Any CPU
	EndGlobalSection
	GlobalSection(SolutionProperties) = preSolution
		HideSolutionNode = FALSE
	EndGlobalSection
	GlobalSection(ExtensibilityGlobals) = postSolution
		SolutionGuid = {B2CC56F3-A1CC-4C57-A7FC-422BD956C714}
	EndGlobalSection
EndGlobal
